
Microsoft Visual Studio Solution File, Format Version 12.00
# Visual Studio Version 17
VisualStudioVersion = 17.11.35312.102
MinimumVisualStudioVersion = 10.0.40219.1
Project("{FAE04EC0-301F-11D3-BF4B-00C04F79EFBC}") = "sklepDesktop", "sklepDesktop\sklepDesktop.csproj", "{6CBCCDBE-E2E5-4EA1-8EF6-FFD50DA93166}"
EndProject
Global
	GlobalSection(SolutionConfigurationPlatforms) = preSolution
		Debug|Any CPU = Debug|Any CPU
		Release|Any CPU = Release|Any CPU
	EndGlobalSection
	GlobalSection(ProjectConfigurationPlatforms) = postSolution
		{6CBCCDBE-E2E5-4EA1-8EF6-FFD50DA93166}.Debug|Any CPU.ActiveCfg = Debug|Any CPU
		{6CBCCDBE-E2E5-4EA1-8EF6-FFD50DA93166}.Debug|Any CPU.Build.0 = Debug|Any CPU
		{6CBCCDBE-E2E5-4EA1-8EF6-FFD50DA93166}.Release|Any CPU.ActiveCfg = Release|Any CPU
		{6CBCCDBE-E2E5-4EA1-8EF6-FFD50DA93166}.Release|Any CPU.Build.0 = Release|Any CPU
	EndGlobalSection
	GlobalSection(SolutionProperties) = preSolution
		HideSolutionNode = FALSE
	EndGlobalSection
	GlobalSection(ExtensibilityGlobals) = postSolution
		SolutionGuid = {D2DF4ED5-2FDF-435F-81B0-77FCBF134335}
	EndGlobalSection
EndGlobal
